
Microsoft Visual Studio Solution File, Format Version 12.00
# Visual Studio 14
VisualStudioVersion = 14.0.25420.1
MinimumVisualStudioVersion = 10.0.40219.1
Project("{FAE04EC0-301F-11D3-BF4B-00C04F79EFBC}") = "EmpDeptMapping", "EmpDeptMapping\EmpDeptMapping.csproj", "{A838D6A2-FB26-4722-B3BF-597D74ED58EE}"
EndProject
Global
	GlobalSection(SolutionConfigurationPlatforms) = preSolution
		Debug|Any CPU = Debug|Any CPU
		Release|Any CPU = Release|Any CPU
	EndGlobalSection
	GlobalSection(ProjectConfigurationPlatforms) = postSolution
		{A838D6A2-FB26-4722-B3BF-597D74ED58EE}.Debug|Any CPU.ActiveCfg = Debug|Any CPU
		{A838D6A2-FB26-4722-B3BF-597D74ED58EE}.Debug|Any CPU.Build.0 = Debug|Any CPU
		{A838D6A2-FB26-4722-B3BF-597D74ED58EE}.Release|Any CPU.ActiveCfg = Release|Any CPU
		{A838D6A2-FB26-4722-B3BF-597D74ED58EE}.Release|Any CPU.Build.0 = Release|Any CPU
	EndGlobalSection
	GlobalSection(SolutionProperties) = preSolution
		HideSolutionNode = FALSE
	EndGlobalSection
EndGlobal
